// !$*UTF8*$!
{
	archiveVersion = 1;
	classes = {
	};
	objectVersion = 46;
	objects = {

/* Begin PBXBuildFile section */
		920CDFE31CBC1B9900971651 /* MSRandomRequest.m in Sources */ = {isa = PBXBuildFile; fileRef = 920CDFE21CBC1B9900971651 /* MSRandomRequest.m */; };
		920CDFE61CBC257300971651 /* MSRandomIntegerRequest.m in Sources */ = {isa = PBXBuildFile; fileRef = 920CDFE51CBC257300971651 /* MSRandomIntegerRequest.m */; };
		920CDFE91CBC386400971651 /* MSRandomDecimalRequest.m in Sources */ = {isa = PBXBuildFile; fileRef = 920CDFE81CBC386400971651 /* MSRandomDecimalRequest.m */; };
		920CDFEC1CBC3FCC00971651 /* MSRandomStringsRequest.m in Sources */ = {isa = PBXBuildFile; fileRef = 920CDFEB1CBC3FCC00971651 /* MSRandomStringsRequest.m */; };
		920CDFEF1CBD221D00971651 /* MSStringsGeneratorVC.m in Sources */ = {isa = PBXBuildFile; fileRef = 920CDFEE1CBD221D00971651 /* MSStringsGeneratorVC.m */; };
		920CDFF21CBD485700971651 /* MSStringsResultVC.m in Sources */ = {isa = PBXBuildFile; fileRef = 920CDFF11CBD485700971651 /* MSStringsResultVC.m */; };
		925B47941CB3AC0F00747B72 /* MSApiKey.m in Sources */ = {isa = PBXBuildFile; fileRef = 925B47931CB3AC0F00747B72 /* MSApiKey.m */; };
		926AF21B1CB510E5006DEF8E /* MSMenuBarController.m in Sources */ = {isa = PBXBuildFile; fileRef = 926AF21A1CB510E5006DEF8E /* MSMenuBarController.m */; };
		926AF21E1CB5114B006DEF8E /* SWRevealViewController.m in Sources */ = {isa = PBXBuildFile; fileRef = 926AF21D1CB5114B006DEF8E /* SWRevealViewController.m */; };
		926AF2221CB512EE006DEF8E /* MSIntegerResultVC.m in Sources */ = {isa = PBXBuildFile; fileRef = 926AF2211CB512EE006DEF8E /* MSIntegerResultVC.m */; };
		926AF22A1CB51454006DEF8E /* MSDecimalGeneratorVC.m in Sources */ = {isa = PBXBuildFile; fileRef = 926AF2251CB51454006DEF8E /* MSDecimalGeneratorVC.m */; };
		926AF22B1CB51454006DEF8E /* MSIntegerGeneratorVC.m in Sources */ = {isa = PBXBuildFile; fileRef = 926AF2271CB51454006DEF8E /* MSIntegerGeneratorVC.m */; };
		926AF22F1CB825AF006DEF8E /* MSDecimalResultVC.m in Sources */ = {isa = PBXBuildFile; fileRef = 926AF22E1CB825AF006DEF8E /* MSDecimalResultVC.m */; };
		926AF2331CB937C3006DEF8E /* MSRandomResponse.m in Sources */ = {isa = PBXBuildFile; fileRef = 926AF2311CB937C3006DEF8E /* MSRandomResponse.m */; };
		926AF23A1CB98C66006DEF8E /* FBSDKCoreKit.framework in Frameworks */ = {isa = PBXBuildFile; fileRef = 926AF2391CB98C66006DEF8E /* FBSDKCoreKit.framework */; };
		926AF23C1CB98C85006DEF8E /* FBSDKLoginKit.framework in Frameworks */ = {isa = PBXBuildFile; fileRef = 926AF23B1CB98C85006DEF8E /* FBSDKLoginKit.framework */; };
		926AF23E1CB98C95006DEF8E /* FBSDKShareKit.framework in Frameworks */ = {isa = PBXBuildFile; fileRef = 926AF23D1CB98C95006DEF8E /* FBSDKShareKit.framework */; };
		926AF2431CBADD0E006DEF8E /* Social.framework in Frameworks */ = {isa = PBXBuildFile; fileRef = 926AF2421CBADD0E006DEF8E /* Social.framework */; };
		9275F17F1CC23496003BD7F9 /* MSAboutMenuVC.m in Sources */ = {isa = PBXBuildFile; fileRef = 9275F17E1CC23496003BD7F9 /* MSAboutMenuVC.m */; };
		9275F1811CC24648003BD7F9 /* MessageUI.framework in Frameworks */ = {isa = PBXBuildFile; fileRef = 9275F1801CC24648003BD7F9 /* MessageUI.framework */; };
		928F4AE21CBE29530049BDE7 /* MSPasswordsGeneratorVC.m in Sources */ = {isa = PBXBuildFile; fileRef = 928F4AE11CBE29530049BDE7 /* MSPasswordsGeneratorVC.m */; };
		928F4AE51CBE29C50049BDE7 /* MSPasswordsResultVC.m in Sources */ = {isa = PBXBuildFile; fileRef = 928F4AE41CBE29C50049BDE7 /* MSPasswordsResultVC.m */; };
		928F4AE81CBE7FD40049BDE7 /* MSDiceRollerGeneratorVC.m in Sources */ = {isa = PBXBuildFile; fileRef = 928F4AE71CBE7FD40049BDE7 /* MSDiceRollerGeneratorVC.m */; };
		928F4AEB1CBE8FD90049BDE7 /* MSDiceRollerResultVC.m in Sources */ = {isa = PBXBuildFile; fileRef = 928F4AEA1CBE8FD90049BDE7 /* MSDiceRollerResultVC.m */; };
		928F4AEE1CBFBCA10049BDE7 /* MSCardShufflerGeneratorVC.m in Sources */ = {isa = PBXBuildFile; fileRef = 928F4AED1CBFBCA10049BDE7 /* MSCardShufflerGeneratorVC.m */; };
		928F4AF11CBFBCD60049BDE7 /* MSCardShufflerResultVC.m in Sources */ = {isa = PBXBuildFile; fileRef = 928F4AF01CBFBCD60049BDE7 /* MSCardShufflerResultVC.m */; };
		928F4AF91CC0216F0049BDE7 /* Card.m in Sources */ = {isa = PBXBuildFile; fileRef = 928F4AF81CC0216F0049BDE7 /* Card.m */; };
		928F4AFC1CC021D80049BDE7 /* Deck.m in Sources */ = {isa = PBXBuildFile; fileRef = 928F4AFB1CC021D80049BDE7 /* Deck.m */; };
		928F4AFF1CC022450049BDE7 /* CardShuffler.m in Sources */ = {isa = PBXBuildFile; fileRef = 928F4AFE1CC022450049BDE7 /* CardShuffler.m */; };
		928F4B071CC03E7C0049BDE7 /* Dice.m in Sources */ = {isa = PBXBuildFile; fileRef = 928F4B061CC03E7C0049BDE7 /* Dice.m */; };
		928F4B0D1CC03FAC0049BDE7 /* DiceSet.m in Sources */ = {isa = PBXBuildFile; fileRef = 928F4B0C1CC03FAC0049BDE7 /* DiceSet.m */; };
		928F4B101CC040A20049BDE7 /* DiceRoller.m in Sources */ = {isa = PBXBuildFile; fileRef = 928F4B0F1CC040A20049BDE7 /* DiceRoller.m */; };
		928F4B131CC0F7570049BDE7 /* MSListRandomizerVC.m in Sources */ = {isa = PBXBuildFile; fileRef = 928F4B121CC0F7570049BDE7 /* MSListRandomizerVC.m */; };
		928F4B161CC112DE0049BDE7 /* MSListResultVC.m in Sources */ = {isa = PBXBuildFile; fileRef = 928F4B151CC112DE0049BDE7 /* MSListResultVC.m */; };
		928F4B1D1CC174400049BDE7 /* ListRandomizer.m in Sources */ = {isa = PBXBuildFile; fileRef = 928F4B1C1CC174400049BDE7 /* ListRandomizer.m */; };
		92B7B5251C9EC231001BB572 /* main.m in Sources */ = {isa = PBXBuildFile; fileRef = 92B7B5241C9EC231001BB572 /* main.m */; };
		92B7B5281C9EC231001BB572 /* AppDelegate.m in Sources */ = {isa = PBXBuildFile; fileRef = 92B7B5271C9EC231001BB572 /* AppDelegate.m */; };
		92B7B52E1C9EC231001BB572 /* Main.storyboard in Resources */ = {isa = PBXBuildFile; fileRef = 92B7B52C1C9EC231001BB572 /* Main.storyboard */; };
		92B7B5301C9EC231001BB572 /* Assets.xcassets in Resources */ = {isa = PBXBuildFile; fileRef = 92B7B52F1C9EC231001BB572 /* Assets.xcassets */; };
		92B7B5331C9EC231001BB572 /* LaunchScreen.storyboard in Resources */ = {isa = PBXBuildFile; fileRef = 92B7B5311C9EC231001BB572 /* LaunchScreen.storyboard */; };
		92ED36CE1CAC5F3D00816AFD /* MSHTTPClient.m in Sources */ = {isa = PBXBuildFile; fileRef = 92ED36CD1CAC5F3D00816AFD /* MSHTTPClient.m */; };
		DC4FFCAA57D37472FBA50DF6 /* libPods-Randomize Me.a in Frameworks */ = {isa = PBXBuildFile; fileRef = E4A78DE2EA6F0405467FF221 /* libPods-Randomize Me.a */; };
/* End PBXBuildFile section */

/* Begin PBXFileReference section */
		4387789B997E65E0109B624F /* Pods-Randomize Me.debug.xcconfig */ = {isa = PBXFileReference; includeInIndex = 1; lastKnownFileType = text.xcconfig; name = "Pods-Randomize Me.debug.xcconfig"; path = "Pods/Target Support Files/Pods-Randomize Me/Pods-Randomize Me.debug.xcconfig"; sourceTree = "<group>"; };
		920CDFE11CBC1B9900971651 /* MSRandomRequest.h */ = {isa = PBXFileReference; fileEncoding = 4; lastKnownFileType = sourcecode.c.h; name = MSRandomRequest.h; path = Models/Requests/MSRandomRequest.h; sourceTree = "<group>"; };
		920CDFE21CBC1B9900971651 /* MSRandomRequest.m */ = {isa = PBXFileReference; fileEncoding = 4; lastKnownFileType = sourcecode.c.objc; name = MSRandomRequest.m; path = Models/Requests/MSRandomRequest.m; sourceTree = "<group>"; };
		920CDFE41CBC257300971651 /* MSRandomIntegerRequest.h */ = {isa = PBXFileReference; fileEncoding = 4; lastKnownFileType = sourcecode.c.h; name = MSRandomIntegerRequest.h; path = Models/Requests/MSRandomIntegerRequest.h; sourceTree = "<group>"; };
		920CDFE51CBC257300971651 /* MSRandomIntegerRequest.m */ = {isa = PBXFileReference; fileEncoding = 4; lastKnownFileType = sourcecode.c.objc; name = MSRandomIntegerRequest.m; path = Models/Requests/MSRandomIntegerRequest.m; sourceTree = "<group>"; };
		920CDFE71CBC386400971651 /* MSRandomDecimalRequest.h */ = {isa = PBXFileReference; fileEncoding = 4; lastKnownFileType = sourcecode.c.h; name = MSRandomDecimalRequest.h; path = Models/Requests/MSRandomDecimalRequest.h; sourceTree = "<group>"; };
		920CDFE81CBC386400971651 /* MSRandomDecimalRequest.m */ = {isa = PBXFileReference; fileEncoding = 4; lastKnownFileType = sourcecode.c.objc; name = MSRandomDecimalRequest.m; path = Models/Requests/MSRandomDecimalRequest.m; sourceTree = "<group>"; };
		920CDFEA1CBC3FCC00971651 /* MSRandomStringsRequest.h */ = {isa = PBXFileReference; fileEncoding = 4; lastKnownFileType = sourcecode.c.h; name = MSRandomStringsRequest.h; path = Models/Requests/MSRandomStringsRequest.h; sourceTree = "<group>"; };
		920CDFEB1CBC3FCC00971651 /* MSRandomStringsRequest.m */ = {isa = PBXFileReference; fileEncoding = 4; lastKnownFileType = sourcecode.c.objc; name = MSRandomStringsRequest.m; path = Models/Requests/MSRandomStringsRequest.m; sourceTree = "<group>"; };
		920CDFED1CBD221D00971651 /* MSStringsGeneratorVC.h */ = {isa = PBXFileReference; fileEncoding = 4; lastKnownFileType = sourcecode.c.h; name = MSStringsGeneratorVC.h; path = ViewController/Generator/MSStringsGeneratorVC.h; sourceTree = "<group>"; };
		920CDFEE1CBD221D00971651 /* MSStringsGeneratorVC.m */ = {isa = PBXFileReference; fileEncoding = 4; lastKnownFileType = sourcecode.c.objc; name = MSStringsGeneratorVC.m; path = ViewController/Generator/MSStringsGeneratorVC.m; sourceTree = "<group>"; };
		920CDFF01CBD485700971651 /* MSStringsResultVC.h */ = {isa = PBXFileReference; fileEncoding = 4; lastKnownFileType = sourcecode.c.h; name = MSStringsResultVC.h; path = ViewController/Result/MSStringsResultVC.h; sourceTree = "<group>"; };
		920CDFF11CBD485700971651 /* MSStringsResultVC.m */ = {isa = PBXFileReference; fileEncoding = 4; lastKnownFileType = sourcecode.c.objc; name = MSStringsResultVC.m; path = ViewController/Result/MSStringsResultVC.m; sourceTree = "<group>"; };
		925B47921CB3AC0F00747B72 /* MSApiKey.h */ = {isa = PBXFileReference; fileEncoding = 4; lastKnownFileType = sourcecode.c.h; name = MSApiKey.h; path = API/MSApiKey.h; sourceTree = "<group>"; };
		925B47931CB3AC0F00747B72 /* MSApiKey.m */ = {isa = PBXFileReference; fileEncoding = 4; lastKnownFileType = sourcecode.c.objc; name = MSApiKey.m; path = API/MSApiKey.m; sourceTree = "<group>"; };
		926AF2191CB510E5006DEF8E /* MSMenuBarController.h */ = {isa = PBXFileReference; fileEncoding = 4; lastKnownFileType = sourcecode.c.h; name = MSMenuBarController.h; path = ViewController/MenuBar/MSMenuBarController.h; sourceTree = "<group>"; };
		926AF21A1CB510E5006DEF8E /* MSMenuBarController.m */ = {isa = PBXFileReference; fileEncoding = 4; lastKnownFileType = sourcecode.c.objc; name = MSMenuBarController.m; path = ViewController/MenuBar/MSMenuBarController.m; sourceTree = "<group>"; };
		926AF21C1CB5114B006DEF8E /* SWRevealViewController.h */ = {isa = PBXFileReference; fileEncoding = 4; lastKnownFileType = sourcecode.c.h; name = SWRevealViewController.h; path = ViewController/MenuBar/SWRevealViewController.h; sourceTree = "<group>"; };
		926AF21D1CB5114B006DEF8E /* SWRevealViewController.m */ = {isa = PBXFileReference; fileEncoding = 4; lastKnownFileType = sourcecode.c.objc; name = SWRevealViewController.m; path = ViewController/MenuBar/SWRevealViewController.m; sourceTree = "<group>"; };
		926AF2201CB512EE006DEF8E /* MSIntegerResultVC.h */ = {isa = PBXFileReference; fileEncoding = 4; lastKnownFileType = sourcecode.c.h; name = MSIntegerResultVC.h; path = ViewController/Result/MSIntegerResultVC.h; sourceTree = "<group>"; };
		926AF2211CB512EE006DEF8E /* MSIntegerResultVC.m */ = {isa = PBXFileReference; fileEncoding = 4; lastKnownFileType = sourcecode.c.objc; name = MSIntegerResultVC.m; path = ViewController/Result/MSIntegerResultVC.m; sourceTree = "<group>"; };
		926AF2241CB51454006DEF8E /* MSDecimalGeneratorVC.h */ = {isa = PBXFileReference; fileEncoding = 4; lastKnownFileType = sourcecode.c.h; name = MSDecimalGeneratorVC.h; path = ViewController/Generator/MSDecimalGeneratorVC.h; sourceTree = "<group>"; };
		926AF2251CB51454006DEF8E /* MSDecimalGeneratorVC.m */ = {isa = PBXFileReference; fileEncoding = 4; lastKnownFileType = sourcecode.c.objc; name = MSDecimalGeneratorVC.m; path = ViewController/Generator/MSDecimalGeneratorVC.m; sourceTree = "<group>"; };
		926AF2261CB51454006DEF8E /* MSIntegerGeneratorVC.h */ = {isa = PBXFileReference; fileEncoding = 4; lastKnownFileType = sourcecode.c.h; name = MSIntegerGeneratorVC.h; path = ViewController/Generator/MSIntegerGeneratorVC.h; sourceTree = "<group>"; };
		926AF2271CB51454006DEF8E /* MSIntegerGeneratorVC.m */ = {isa = PBXFileReference; fileEncoding = 4; lastKnownFileType = sourcecode.c.objc; name = MSIntegerGeneratorVC.m; path = ViewController/Generator/MSIntegerGeneratorVC.m; sourceTree = "<group>"; };
		926AF22D1CB825AF006DEF8E /* MSDecimalResultVC.h */ = {isa = PBXFileReference; fileEncoding = 4; lastKnownFileType = sourcecode.c.h; name = MSDecimalResultVC.h; path = ViewController/Result/MSDecimalResultVC.h; sourceTree = "<group>"; };
		926AF22E1CB825AF006DEF8E /* MSDecimalResultVC.m */ = {isa = PBXFileReference; fileEncoding = 4; lastKnownFileType = sourcecode.c.objc; name = MSDecimalResultVC.m; path = ViewController/Result/MSDecimalResultVC.m; sourceTree = "<group>"; };
		926AF2311CB937C3006DEF8E /* MSRandomResponse.m */ = {isa = PBXFileReference; fileEncoding = 4; lastKnownFileType = sourcecode.c.objc; name = MSRandomResponse.m; path = Models/Responses/MSRandomResponse.m; sourceTree = "<group>"; };
		926AF2321CB937C3006DEF8E /* MSRandomResponse.h */ = {isa = PBXFileReference; fileEncoding = 4; lastKnownFileType = sourcecode.c.h; name = MSRandomResponse.h; path = Models/Responses/MSRandomResponse.h; sourceTree = "<group>"; };
		926AF2391CB98C66006DEF8E /* FBSDKCoreKit.framework */ = {isa = PBXFileReference; lastKnownFileType = wrapper.framework; name = FBSDKCoreKit.framework; path = Frameworks/FBSDKCoreKit.framework; sourceTree = "<group>"; };
		926AF23B1CB98C85006DEF8E /* FBSDKLoginKit.framework */ = {isa = PBXFileReference; lastKnownFileType = wrapper.framework; name = FBSDKLoginKit.framework; path = Frameworks/FBSDKLoginKit.framework; sourceTree = "<group>"; };
		926AF23D1CB98C95006DEF8E /* FBSDKShareKit.framework */ = {isa = PBXFileReference; lastKnownFileType = wrapper.framework; name = FBSDKShareKit.framework; path = Frameworks/FBSDKShareKit.framework; sourceTree = "<group>"; };
		926AF2421CBADD0E006DEF8E /* Social.framework */ = {isa = PBXFileReference; lastKnownFileType = wrapper.framework; name = Social.framework; path = System/Library/Frameworks/Social.framework; sourceTree = SDKROOT; };
		9275F17D1CC23496003BD7F9 /* MSAboutMenuVC.h */ = {isa = PBXFileReference; fileEncoding = 4; lastKnownFileType = sourcecode.c.h; name = MSAboutMenuVC.h; path = ViewController/AboutMenu/MSAboutMenuVC.h; sourceTree = "<group>"; };
		9275F17E1CC23496003BD7F9 /* MSAboutMenuVC.m */ = {isa = PBXFileReference; fileEncoding = 4; lastKnownFileType = sourcecode.c.objc; name = MSAboutMenuVC.m; path = ViewController/AboutMenu/MSAboutMenuVC.m; sourceTree = "<group>"; };
		9275F1801CC24648003BD7F9 /* MessageUI.framework */ = {isa = PBXFileReference; lastKnownFileType = wrapper.framework; name = MessageUI.framework; path = System/Library/Frameworks/MessageUI.framework; sourceTree = SDKROOT; };
		928F4AE01CBE29530049BDE7 /* MSPasswordsGeneratorVC.h */ = {isa = PBXFileReference; fileEncoding = 4; lastKnownFileType = sourcecode.c.h; name = MSPasswordsGeneratorVC.h; path = ViewController/Generator/MSPasswordsGeneratorVC.h; sourceTree = "<group>"; };
		928F4AE11CBE29530049BDE7 /* MSPasswordsGeneratorVC.m */ = {isa = PBXFileReference; fileEncoding = 4; lastKnownFileType = sourcecode.c.objc; name = MSPasswordsGeneratorVC.m; path = ViewController/Generator/MSPasswordsGeneratorVC.m; sourceTree = "<group>"; };
		928F4AE31CBE29C50049BDE7 /* MSPasswordsResultVC.h */ = {isa = PBXFileReference; fileEncoding = 4; lastKnownFileType = sourcecode.c.h; name = MSPasswordsResultVC.h; path = ViewController/Result/MSPasswordsResultVC.h; sourceTree = "<group>"; };
		928F4AE41CBE29C50049BDE7 /* MSPasswordsResultVC.m */ = {isa = PBXFileReference; fileEncoding = 4; lastKnownFileType = sourcecode.c.objc; name = MSPasswordsResultVC.m; path = ViewController/Result/MSPasswordsResultVC.m; sourceTree = "<group>"; };
		928F4AE61CBE7FD40049BDE7 /* MSDiceRollerGeneratorVC.h */ = {isa = PBXFileReference; fileEncoding = 4; lastKnownFileType = sourcecode.c.h; name = MSDiceRollerGeneratorVC.h; path = ViewController/Generator/MSDiceRollerGeneratorVC.h; sourceTree = "<group>"; };
		928F4AE71CBE7FD40049BDE7 /* MSDiceRollerGeneratorVC.m */ = {isa = PBXFileReference; fileEncoding = 4; lastKnownFileType = sourcecode.c.objc; name = MSDiceRollerGeneratorVC.m; path = ViewController/Generator/MSDiceRollerGeneratorVC.m; sourceTree = "<group>"; };
		928F4AE91CBE8FD90049BDE7 /* MSDiceRollerResultVC.h */ = {isa = PBXFileReference; fileEncoding = 4; lastKnownFileType = sourcecode.c.h; name = MSDiceRollerResultVC.h; path = ViewController/Result/MSDiceRollerResultVC.h; sourceTree = "<group>"; };
		928F4AEA1CBE8FD90049BDE7 /* MSDiceRollerResultVC.m */ = {isa = PBXFileReference; fileEncoding = 4; lastKnownFileType = sourcecode.c.objc; name = MSDiceRollerResultVC.m; path = ViewController/Result/MSDiceRollerResultVC.m; sourceTree = "<group>"; };
		928F4AEC1CBFBCA10049BDE7 /* MSCardShufflerGeneratorVC.h */ = {isa = PBXFileReference; fileEncoding = 4; lastKnownFileType = sourcecode.c.h; name = MSCardShufflerGeneratorVC.h; path = ViewController/Generator/MSCardShufflerGeneratorVC.h; sourceTree = "<group>"; };
		928F4AED1CBFBCA10049BDE7 /* MSCardShufflerGeneratorVC.m */ = {isa = PBXFileReference; fileEncoding = 4; lastKnownFileType = sourcecode.c.objc; name = MSCardShufflerGeneratorVC.m; path = ViewController/Generator/MSCardShufflerGeneratorVC.m; sourceTree = "<group>"; };
		928F4AEF1CBFBCD60049BDE7 /* MSCardShufflerResultVC.h */ = {isa = PBXFileReference; fileEncoding = 4; lastKnownFileType = sourcecode.c.h; name = MSCardShufflerResultVC.h; path = ViewController/Result/MSCardShufflerResultVC.h; sourceTree = "<group>"; };
		928F4AF01CBFBCD60049BDE7 /* MSCardShufflerResultVC.m */ = {isa = PBXFileReference; fileEncoding = 4; lastKnownFileType = sourcecode.c.objc; name = MSCardShufflerResultVC.m; path = ViewController/Result/MSCardShufflerResultVC.m; sourceTree = "<group>"; };
		928F4AF71CC0216F0049BDE7 /* Card.h */ = {isa = PBXFileReference; fileEncoding = 4; lastKnownFileType = sourcecode.c.h; name = Card.h; path = "Models/Card Shuffler/Card.h"; sourceTree = "<group>"; };
		928F4AF81CC0216F0049BDE7 /* Card.m */ = {isa = PBXFileReference; fileEncoding = 4; lastKnownFileType = sourcecode.c.objc; name = Card.m; path = "Models/Card Shuffler/Card.m"; sourceTree = "<group>"; };
		928F4AFA1CC021D80049BDE7 /* Deck.h */ = {isa = PBXFileReference; fileEncoding = 4; lastKnownFileType = sourcecode.c.h; name = Deck.h; path = "Models/Card Shuffler/Deck.h"; sourceTree = "<group>"; };
		928F4AFB1CC021D80049BDE7 /* Deck.m */ = {isa = PBXFileReference; fileEncoding = 4; lastKnownFileType = sourcecode.c.objc; name = Deck.m; path = "Models/Card Shuffler/Deck.m"; sourceTree = "<group>"; };
		928F4AFD1CC022450049BDE7 /* CardShuffler.h */ = {isa = PBXFileReference; fileEncoding = 4; lastKnownFileType = sourcecode.c.h; name = CardShuffler.h; path = "Models/Card Shuffler/CardShuffler.h"; sourceTree = "<group>"; };
		928F4AFE1CC022450049BDE7 /* CardShuffler.m */ = {isa = PBXFileReference; fileEncoding = 4; lastKnownFileType = sourcecode.c.objc; name = CardShuffler.m; path = "Models/Card Shuffler/CardShuffler.m"; sourceTree = "<group>"; };
		928F4B051CC03E7C0049BDE7 /* Dice.h */ = {isa = PBXFileReference; fileEncoding = 4; lastKnownFileType = sourcecode.c.h; name = Dice.h; path = Models/DiceRoller/Dice.h; sourceTree = "<group>"; };
		928F4B061CC03E7C0049BDE7 /* Dice.m */ = {isa = PBXFileReference; fileEncoding = 4; lastKnownFileType = sourcecode.c.objc; name = Dice.m; path = Models/DiceRoller/Dice.m; sourceTree = "<group>"; };
		928F4B0B1CC03FAC0049BDE7 /* DiceSet.h */ = {isa = PBXFileReference; fileEncoding = 4; lastKnownFileType = sourcecode.c.h; name = DiceSet.h; path = Models/DiceRoller/DiceSet.h; sourceTree = "<group>"; };
		928F4B0C1CC03FAC0049BDE7 /* DiceSet.m */ = {isa = PBXFileReference; fileEncoding = 4; lastKnownFileType = sourcecode.c.objc; name = DiceSet.m; path = Models/DiceRoller/DiceSet.m; sourceTree = "<group>"; };
		928F4B0E1CC040A20049BDE7 /* DiceRoller.h */ = {isa = PBXFileReference; fileEncoding = 4; lastKnownFileType = sourcecode.c.h; name = DiceRoller.h; path = Models/DiceRoller/DiceRoller.h; sourceTree = "<group>"; };
		928F4B0F1CC040A20049BDE7 /* DiceRoller.m */ = {isa = PBXFileReference; fileEncoding = 4; lastKnownFileType = sourcecode.c.objc; name = DiceRoller.m; path = Models/DiceRoller/DiceRoller.m; sourceTree = "<group>"; };
		928F4B111CC0F7570049BDE7 /* MSListRandomizerVC.h */ = {isa = PBXFileReference; fileEncoding = 4; lastKnownFileType = sourcecode.c.h; name = MSListRandomizerVC.h; path = ViewController/Generator/MSListRandomizerVC.h; sourceTree = "<group>"; };
		928F4B121CC0F7570049BDE7 /* MSListRandomizerVC.m */ = {isa = PBXFileReference; fileEncoding = 4; lastKnownFileType = sourcecode.c.objc; name = MSListRandomizerVC.m; path = ViewController/Generator/MSListRandomizerVC.m; sourceTree = "<group>"; };
		928F4B141CC112DE0049BDE7 /* MSListResultVC.h */ = {isa = PBXFileReference; fileEncoding = 4; lastKnownFileType = sourcecode.c.h; name = MSListResultVC.h; path = ViewController/Result/MSListResultVC.h; sourceTree = "<group>"; };
		928F4B151CC112DE0049BDE7 /* MSListResultVC.m */ = {isa = PBXFileReference; fileEncoding = 4; lastKnownFileType = sourcecode.c.objc; name = MSListResultVC.m; path = ViewController/Result/MSListResultVC.m; sourceTree = "<group>"; };
		928F4B1B1CC174400049BDE7 /* ListRandomizer.h */ = {isa = PBXFileReference; fileEncoding = 4; lastKnownFileType = sourcecode.c.h; name = ListRandomizer.h; path = Models/ListRandomizer/ListRandomizer.h; sourceTree = "<group>"; };
		928F4B1C1CC174400049BDE7 /* ListRandomizer.m */ = {isa = PBXFileReference; fileEncoding = 4; lastKnownFileType = sourcecode.c.objc; name = ListRandomizer.m; path = Models/ListRandomizer/ListRandomizer.m; sourceTree = "<group>"; };
		92B7B5201C9EC231001BB572 /* Randomize Me.app */ = {isa = PBXFileReference; explicitFileType = wrapper.application; includeInIndex = 0; path = "Randomize Me.app"; sourceTree = BUILT_PRODUCTS_DIR; };
		92B7B5241C9EC231001BB572 /* main.m */ = {isa = PBXFileReference; lastKnownFileType = sourcecode.c.objc; path = main.m; sourceTree = "<group>"; };
		92B7B5261C9EC231001BB572 /* AppDelegate.h */ = {isa = PBXFileReference; lastKnownFileType = sourcecode.c.h; path = AppDelegate.h; sourceTree = "<group>"; };
		92B7B5271C9EC231001BB572 /* AppDelegate.m */ = {isa = PBXFileReference; lastKnownFileType = sourcecode.c.objc; path = AppDelegate.m; sourceTree = "<group>"; };
		92B7B52D1C9EC231001BB572 /* Base */ = {isa = PBXFileReference; lastKnownFileType = file.storyboard; name = Base; path = Base.lproj/Main.storyboard; sourceTree = "<group>"; };
		92B7B52F1C9EC231001BB572 /* Assets.xcassets */ = {isa = PBXFileReference; lastKnownFileType = folder.assetcatalog; path = Assets.xcassets; sourceTree = "<group>"; };
		92B7B5321C9EC231001BB572 /* Base */ = {isa = PBXFileReference; lastKnownFileType = file.storyboard; name = Base; path = Base.lproj/LaunchScreen.storyboard; sourceTree = "<group>"; };
		92B7B5341C9EC231001BB572 /* Info.plist */ = {isa = PBXFileReference; lastKnownFileType = text.plist.xml; path = Info.plist; sourceTree = "<group>"; };
		92ED36CC1CAC5F3D00816AFD /* MSHTTPClient.h */ = {isa = PBXFileReference; fileEncoding = 4; lastKnownFileType = sourcecode.c.h; name = MSHTTPClient.h; path = API/MSHTTPClient.h; sourceTree = "<group>"; };
		92ED36CD1CAC5F3D00816AFD /* MSHTTPClient.m */ = {isa = PBXFileReference; fileEncoding = 4; lastKnownFileType = sourcecode.c.objc; name = MSHTTPClient.m; path = API/MSHTTPClient.m; sourceTree = "<group>"; };
		9C12F349D8F49B26B506527E /* Pods-Randomize Me.release.xcconfig */ = {isa = PBXFileReference; includeInIndex = 1; lastKnownFileType = text.xcconfig; name = "Pods-Randomize Me.release.xcconfig"; path = "Pods/Target Support Files/Pods-Randomize Me/Pods-Randomize Me.release.xcconfig"; sourceTree = "<group>"; };
		E4A78DE2EA6F0405467FF221 /* libPods-Randomize Me.a */ = {isa = PBXFileReference; explicitFileType = archive.ar; includeInIndex = 0; path = "libPods-Randomize Me.a"; sourceTree = BUILT_PRODUCTS_DIR; };
/* End PBXFileReference section */

/* Begin PBXFrameworksBuildPhase section */
		92B7B51D1C9EC231001BB572 /* Frameworks */ = {
			isa = PBXFrameworksBuildPhase;
			buildActionMask = 2147483647;
			files = (
				9275F1811CC24648003BD7F9 /* MessageUI.framework in Frameworks */,
				926AF2431CBADD0E006DEF8E /* Social.framework in Frameworks */,
				926AF23A1CB98C66006DEF8E /* FBSDKCoreKit.framework in Frameworks */,
				926AF23E1CB98C95006DEF8E /* FBSDKShareKit.framework in Frameworks */,
				926AF23C1CB98C85006DEF8E /* FBSDKLoginKit.framework in Frameworks */,
				DC4FFCAA57D37472FBA50DF6 /* libPods-Randomize Me.a in Frameworks */,
			);
			runOnlyForDeploymentPostprocessing = 0;
		};
/* End PBXFrameworksBuildPhase section */

/* Begin PBXGroup section */
		08F68E581867AC76FEF2134C /* Pods */ = {
			isa = PBXGroup;
			children = (
				4387789B997E65E0109B624F /* Pods-Randomize Me.debug.xcconfig */,
				9C12F349D8F49B26B506527E /* Pods-Randomize Me.release.xcconfig */,
			);
			name = Pods;
			sourceTree = "<group>";
		};
		925B47991CB3B76B00747B72 /* Requests */ = {
			isa = PBXGroup;
			children = (
				920CDFE11CBC1B9900971651 /* MSRandomRequest.h */,
				920CDFE21CBC1B9900971651 /* MSRandomRequest.m */,
				920CDFE41CBC257300971651 /* MSRandomIntegerRequest.h */,
				920CDFE51CBC257300971651 /* MSRandomIntegerRequest.m */,
				920CDFE71CBC386400971651 /* MSRandomDecimalRequest.h */,
				920CDFE81CBC386400971651 /* MSRandomDecimalRequest.m */,
				920CDFEA1CBC3FCC00971651 /* MSRandomStringsRequest.h */,
				920CDFEB1CBC3FCC00971651 /* MSRandomStringsRequest.m */,
			);
			name = Requests;
			sourceTree = "<group>";
		};
		926AF2181CB510D3006DEF8E /* MenuBar */ = {
			isa = PBXGroup;
			children = (
				926AF21C1CB5114B006DEF8E /* SWRevealViewController.h */,
				926AF21D1CB5114B006DEF8E /* SWRevealViewController.m */,
				926AF2191CB510E5006DEF8E /* MSMenuBarController.h */,
				926AF21A1CB510E5006DEF8E /* MSMenuBarController.m */,
			);
			name = MenuBar;
			sourceTree = "<group>";
		};
		926AF21F1CB512E0006DEF8E /* Result */ = {
			isa = PBXGroup;
			children = (
				926AF2201CB512EE006DEF8E /* MSIntegerResultVC.h */,
				926AF2211CB512EE006DEF8E /* MSIntegerResultVC.m */,
				926AF22D1CB825AF006DEF8E /* MSDecimalResultVC.h */,
				926AF22E1CB825AF006DEF8E /* MSDecimalResultVC.m */,
				920CDFF01CBD485700971651 /* MSStringsResultVC.h */,
				920CDFF11CBD485700971651 /* MSStringsResultVC.m */,
				928F4AE31CBE29C50049BDE7 /* MSPasswordsResultVC.h */,
				928F4AE41CBE29C50049BDE7 /* MSPasswordsResultVC.m */,
				928F4AE91CBE8FD90049BDE7 /* MSDiceRollerResultVC.h */,
				928F4AEA1CBE8FD90049BDE7 /* MSDiceRollerResultVC.m */,
				928F4AEF1CBFBCD60049BDE7 /* MSCardShufflerResultVC.h */,
				928F4AF01CBFBCD60049BDE7 /* MSCardShufflerResultVC.m */,
				928F4B141CC112DE0049BDE7 /* MSListResultVC.h */,
				928F4B151CC112DE0049BDE7 /* MSListResultVC.m */,
			);
			name = Result;
			sourceTree = "<group>";
		};
		926AF2231CB5141F006DEF8E /* Generator */ = {
			isa = PBXGroup;
			children = (
				926AF2261CB51454006DEF8E /* MSIntegerGeneratorVC.h */,
				926AF2271CB51454006DEF8E /* MSIntegerGeneratorVC.m */,
				926AF2241CB51454006DEF8E /* MSDecimalGeneratorVC.h */,
				926AF2251CB51454006DEF8E /* MSDecimalGeneratorVC.m */,
				920CDFED1CBD221D00971651 /* MSStringsGeneratorVC.h */,
				920CDFEE1CBD221D00971651 /* MSStringsGeneratorVC.m */,
				928F4AE01CBE29530049BDE7 /* MSPasswordsGeneratorVC.h */,
				928F4AE11CBE29530049BDE7 /* MSPasswordsGeneratorVC.m */,
				928F4AE61CBE7FD40049BDE7 /* MSDiceRollerGeneratorVC.h */,
				928F4AE71CBE7FD40049BDE7 /* MSDiceRollerGeneratorVC.m */,
				928F4AEC1CBFBCA10049BDE7 /* MSCardShufflerGeneratorVC.h */,
				928F4AED1CBFBCA10049BDE7 /* MSCardShufflerGeneratorVC.m */,
				928F4B111CC0F7570049BDE7 /* MSListRandomizerVC.h */,
				928F4B121CC0F7570049BDE7 /* MSListRandomizerVC.m */,
			);
			name = Generator;
			sourceTree = "<group>";
		};
		926AF2301CB937A8006DEF8E /* Responses */ = {
			isa = PBXGroup;
			children = (
				926AF2321CB937C3006DEF8E /* MSRandomResponse.h */,
				926AF2311CB937C3006DEF8E /* MSRandomResponse.m */,
			);
			name = Responses;
			sourceTree = "<group>";
		};
		926AF2381CB98C1D006DEF8E /* Facebook */ = {
			isa = PBXGroup;
			children = (
				926AF23D1CB98C95006DEF8E /* FBSDKShareKit.framework */,
				926AF2391CB98C66006DEF8E /* FBSDKCoreKit.framework */,
				926AF23B1CB98C85006DEF8E /* FBSDKLoginKit.framework */,
			);
			name = Facebook;
			sourceTree = "<group>";
		};
		9275F17C1CC23474003BD7F9 /* AboutMenu */ = {
			isa = PBXGroup;
			children = (
				9275F17D1CC23496003BD7F9 /* MSAboutMenuVC.h */,
				9275F17E1CC23496003BD7F9 /* MSAboutMenuVC.m */,
			);
			name = AboutMenu;
			sourceTree = "<group>";
		};
		928F4AF61CC0213B0049BDE7 /* CardShuffler */ = {
			isa = PBXGroup;
			children = (
				928F4AF71CC0216F0049BDE7 /* Card.h */,
				928F4AF81CC0216F0049BDE7 /* Card.m */,
				928F4AFA1CC021D80049BDE7 /* Deck.h */,
				928F4AFB1CC021D80049BDE7 /* Deck.m */,
				928F4AFD1CC022450049BDE7 /* CardShuffler.h */,
				928F4AFE1CC022450049BDE7 /* CardShuffler.m */,
			);
			name = CardShuffler;
			sourceTree = "<group>";
		};
		928F4B041CC03E2A0049BDE7 /* DiceRoller */ = {
			isa = PBXGroup;
			children = (
				928F4B051CC03E7C0049BDE7 /* Dice.h */,
				928F4B061CC03E7C0049BDE7 /* Dice.m */,
				928F4B0B1CC03FAC0049BDE7 /* DiceSet.h */,
				928F4B0C1CC03FAC0049BDE7 /* DiceSet.m */,
				928F4B0E1CC040A20049BDE7 /* DiceRoller.h */,
				928F4B0F1CC040A20049BDE7 /* DiceRoller.m */,
			);
			name = DiceRoller;
			sourceTree = "<group>";
		};
		928F4B171CC170380049BDE7 /* ListRandomizer */ = {
			isa = PBXGroup;
			children = (
				928F4B1B1CC174400049BDE7 /* ListRandomizer.h */,
				928F4B1C1CC174400049BDE7 /* ListRandomizer.m */,
			);
			name = ListRandomizer;
			sourceTree = "<group>";
		};
		92B7B5171C9EC231001BB572 = {
			isa = PBXGroup;
			children = (
				92B7B5221C9EC231001BB572 /* Randomize Me */,
				92B7B5211C9EC231001BB572 /* Products */,
				08F68E581867AC76FEF2134C /* Pods */,
				AE5F3AE4A692621CB21AD601 /* Frameworks */,
			);
			sourceTree = "<group>";
		};
		92B7B5211C9EC231001BB572 /* Products */ = {
			isa = PBXGroup;
			children = (
				92B7B5201C9EC231001BB572 /* Randomize Me.app */,
			);
			name = Products;
			sourceTree = "<group>";
		};
		92B7B5221C9EC231001BB572 /* Randomize Me */ = {
			isa = PBXGroup;
			children = (
				92ED36CB1CAC567A00816AFD /* API */,
				92B7B5401CA07ABA001BB572 /* Models */,
				92B7B53F1CA07AA6001BB572 /* ViewController */,
				92B7B5261C9EC231001BB572 /* AppDelegate.h */,
				92B7B5271C9EC231001BB572 /* AppDelegate.m */,
				92B7B52C1C9EC231001BB572 /* Main.storyboard */,
				92B7B52F1C9EC231001BB572 /* Assets.xcassets */,
				92B7B5311C9EC231001BB572 /* LaunchScreen.storyboard */,
				92B7B5341C9EC231001BB572 /* Info.plist */,
				92B7B5231C9EC231001BB572 /* Supporting Files */,
			);
			path = "Randomize Me";
			sourceTree = "<group>";
		};
		92B7B5231C9EC231001BB572 /* Supporting Files */ = {
			isa = PBXGroup;
			children = (
				92B7B5241C9EC231001BB572 /* main.m */,
			);
			name = "Supporting Files";
			sourceTree = "<group>";
		};
		92B7B53F1CA07AA6001BB572 /* ViewController */ = {
			isa = PBXGroup;
			children = (
				9275F17C1CC23474003BD7F9 /* AboutMenu */,
				926AF2231CB5141F006DEF8E /* Generator */,
				926AF21F1CB512E0006DEF8E /* Result */,
				926AF2181CB510D3006DEF8E /* MenuBar */,
			);
			name = ViewController;
			sourceTree = "<group>";
		};
		92B7B5401CA07ABA001BB572 /* Models */ = {
			isa = PBXGroup;
			children = (
				928F4B171CC170380049BDE7 /* ListRandomizer */,
				928F4B041CC03E2A0049BDE7 /* DiceRoller */,
				928F4AF61CC0213B0049BDE7 /* CardShuffler */,
				926AF2301CB937A8006DEF8E /* Responses */,
				925B47991CB3B76B00747B72 /* Requests */,
			);
			name = Models;
			sourceTree = "<group>";
		};
		92ED36CB1CAC567A00816AFD /* API */ = {
			isa = PBXGroup;
			children = (
				925B47921CB3AC0F00747B72 /* MSApiKey.h */,
				925B47931CB3AC0F00747B72 /* MSApiKey.m */,
				92ED36CC1CAC5F3D00816AFD /* MSHTTPClient.h */,
				92ED36CD1CAC5F3D00816AFD /* MSHTTPClient.m */,
			);
			name = API;
			sourceTree = "<group>";
		};
		AE5F3AE4A692621CB21AD601 /* Frameworks */ = {
			isa = PBXGroup;
			children = (
				9275F1801CC24648003BD7F9 /* MessageUI.framework */,
				926AF2421CBADD0E006DEF8E /* Social.framework */,
				926AF2381CB98C1D006DEF8E /* Facebook */,
				E4A78DE2EA6F0405467FF221 /* libPods-Randomize Me.a */,
			);
			name = Frameworks;
			sourceTree = "<group>";
		};
/* End PBXGroup section */

/* Begin PBXNativeTarget section */
		92B7B51F1C9EC231001BB572 /* Randomize Me */ = {
			isa = PBXNativeTarget;
			buildConfigurationList = 92B7B5371C9EC231001BB572 /* Build configuration list for PBXNativeTarget "Randomize Me" */;
			buildPhases = (
				170E66291F9059CF3937E58C /* Check Pods Manifest.lock */,
				92B7B51C1C9EC231001BB572 /* Sources */,
				92B7B51D1C9EC231001BB572 /* Frameworks */,
				92B7B51E1C9EC231001BB572 /* Resources */,
				2F6C994C44032A429E53D9D0 /* Embed Pods Frameworks */,
				A7DB6A074D289ECB04DD0C4A /* Copy Pods Resources */,
			);
			buildRules = (
			);
			dependencies = (
			);
			name = "Randomize Me";
			productName = "Randomize Me";
			productReference = 92B7B5201C9EC231001BB572 /* Randomize Me.app */;
			productType = "com.apple.product-type.application";
		};
/* End PBXNativeTarget section */

/* Begin PBXProject section */
		92B7B5181C9EC231001BB572 /* Project object */ = {
			isa = PBXProject;
			attributes = {
				LastUpgradeCheck = 0720;
				ORGANIZATIONNAME = "Maksym Savisko";
				TargetAttributes = {
					92B7B51F1C9EC231001BB572 = {
						CreatedOnToolsVersion = 7.2.1;
						DevelopmentTeam = 4KQC9K68AM;
					};
				};
			};
			buildConfigurationList = 92B7B51B1C9EC231001BB572 /* Build configuration list for PBXProject "Randomize Me" */;
			compatibilityVersion = "Xcode 3.2";
			developmentRegion = English;
			hasScannedForEncodings = 0;
			knownRegions = (
				en,
				Base,
			);
			mainGroup = 92B7B5171C9EC231001BB572;
			productRefGroup = 92B7B5211C9EC231001BB572 /* Products */;
			projectDirPath = "";
			projectRoot = "";
			targets = (
				92B7B51F1C9EC231001BB572 /* Randomize Me */,
			);
		};
/* End PBXProject section */

/* Begin PBXResourcesBuildPhase section */
		92B7B51E1C9EC231001BB572 /* Resources */ = {
			isa = PBXResourcesBuildPhase;
			buildActionMask = 2147483647;
			files = (
				92B7B5331C9EC231001BB572 /* LaunchScreen.storyboard in Resources */,
				92B7B5301C9EC231001BB572 /* Assets.xcassets in Resources */,
				92B7B52E1C9EC231001BB572 /* Main.storyboard in Resources */,
			);
			runOnlyForDeploymentPostprocessing = 0;
		};
/* End PBXResourcesBuildPhase section */

/* Begin PBXShellScriptBuildPhase section */
		170E66291F9059CF3937E58C /* Check Pods Manifest.lock */ = {
			isa = PBXShellScriptBuildPhase;
			buildActionMask = 2147483647;
			files = (
			);
			inputPaths = (
			);
			name = "Check Pods Manifest.lock";
			outputPaths = (
			);
			runOnlyForDeploymentPostprocessing = 0;
			shellPath = /bin/sh;
			shellScript = "diff \"${PODS_ROOT}/../Podfile.lock\" \"${PODS_ROOT}/Manifest.lock\" > /dev/null\nif [[ $? != 0 ]] ; then\n    cat << EOM\nerror: The sandbox is not in sync with the Podfile.lock. Run 'pod install' or update your CocoaPods installation.\nEOM\n    exit 1\nfi\n";
			showEnvVarsInLog = 0;
		};
		2F6C994C44032A429E53D9D0 /* Embed Pods Frameworks */ = {
			isa = PBXShellScriptBuildPhase;
			buildActionMask = 2147483647;
			files = (
			);
			inputPaths = (
			);
			name = "Embed Pods Frameworks";
			outputPaths = (
			);
			runOnlyForDeploymentPostprocessing = 0;
			shellPath = /bin/sh;
			shellScript = "\"${SRCROOT}/Pods/Target Support Files/Pods-Randomize Me/Pods-Randomize Me-frameworks.sh\"\n";
			showEnvVarsInLog = 0;
		};
		A7DB6A074D289ECB04DD0C4A /* Copy Pods Resources */ = {
			isa = PBXShellScriptBuildPhase;
			buildActionMask = 2147483647;
			files = (
			);
			inputPaths = (
			);
			name = "Copy Pods Resources";
			outputPaths = (
			);
			runOnlyForDeploymentPostprocessing = 0;
			shellPath = /bin/sh;
			shellScript = "\"${SRCROOT}/Pods/Target Support Files/Pods-Randomize Me/Pods-Randomize Me-resources.sh\"\n";
			showEnvVarsInLog = 0;
		};
/* End PBXShellScriptBuildPhase section */

/* Begin PBXSourcesBuildPhase section */
		92B7B51C1C9EC231001BB572 /* Sources */ = {
			isa = PBXSourcesBuildPhase;
			buildActionMask = 2147483647;
			files = (
				926AF22A1CB51454006DEF8E /* MSDecimalGeneratorVC.m in Sources */,
				928F4B0D1CC03FAC0049BDE7 /* DiceSet.m in Sources */,
				928F4AEB1CBE8FD90049BDE7 /* MSDiceRollerResultVC.m in Sources */,
				928F4AF11CBFBCD60049BDE7 /* MSCardShufflerResultVC.m in Sources */,
				920CDFE91CBC386400971651 /* MSRandomDecimalRequest.m in Sources */,
				926AF22B1CB51454006DEF8E /* MSIntegerGeneratorVC.m in Sources */,
				928F4B161CC112DE0049BDE7 /* MSListResultVC.m in Sources */,
				926AF2331CB937C3006DEF8E /* MSRandomResponse.m in Sources */,
				928F4B131CC0F7570049BDE7 /* MSListRandomizerVC.m in Sources */,
				920CDFE61CBC257300971651 /* MSRandomIntegerRequest.m in Sources */,
				920CDFF21CBD485700971651 /* MSStringsResultVC.m in Sources */,
				92B7B5281C9EC231001BB572 /* AppDelegate.m in Sources */,
				928F4B071CC03E7C0049BDE7 /* Dice.m in Sources */,
				928F4AEE1CBFBCA10049BDE7 /* MSCardShufflerGeneratorVC.m in Sources */,
				920CDFE31CBC1B9900971651 /* MSRandomRequest.m in Sources */,
				928F4AF91CC0216F0049BDE7 /* Card.m in Sources */,
				920CDFEF1CBD221D00971651 /* MSStringsGeneratorVC.m in Sources */,
				928F4AE81CBE7FD40049BDE7 /* MSDiceRollerGeneratorVC.m in Sources */,
				925B47941CB3AC0F00747B72 /* MSApiKey.m in Sources */,
				926AF2221CB512EE006DEF8E /* MSIntegerResultVC.m in Sources */,
				92ED36CE1CAC5F3D00816AFD /* MSHTTPClient.m in Sources */,
				926AF21E1CB5114B006DEF8E /* SWRevealViewController.m in Sources */,
				926AF22F1CB825AF006DEF8E /* MSDecimalResultVC.m in Sources */,
				920CDFEC1CBC3FCC00971651 /* MSRandomStringsRequest.m in Sources */,
				928F4AFF1CC022450049BDE7 /* CardShuffler.m in Sources */,
				928F4B101CC040A20049BDE7 /* DiceRoller.m in Sources */,
				928F4AFC1CC021D80049BDE7 /* Deck.m in Sources */,
				928F4AE51CBE29C50049BDE7 /* MSPasswordsResultVC.m in Sources */,
				9275F17F1CC23496003BD7F9 /* MSAboutMenuVC.m in Sources */,
				928F4AE21CBE29530049BDE7 /* MSPasswordsGeneratorVC.m in Sources */,
				928F4B1D1CC174400049BDE7 /* ListRandomizer.m in Sources */,
				926AF21B1CB510E5006DEF8E /* MSMenuBarController.m in Sources */,
				92B7B5251C9EC231001BB572 /* main.m in Sources */,
			);
			runOnlyForDeploymentPostprocessing = 0;
		};
/* End PBXSourcesBuildPhase section */

/* Begin PBXVariantGroup section */
		92B7B52C1C9EC231001BB572 /* Main.storyboard */ = {
			isa = PBXVariantGroup;
			children = (
				92B7B52D1C9EC231001BB572 /* Base */,
			);
			name = Main.storyboard;
			sourceTree = "<group>";
		};
		92B7B5311C9EC231001BB572 /* LaunchScreen.storyboard */ = {
			isa = PBXVariantGroup;
			children = (
				92B7B5321C9EC231001BB572 /* Base */,
			);
			name = LaunchScreen.storyboard;
			sourceTree = "<group>";
		};
/* End PBXVariantGroup section */

/* Begin XCBuildConfiguration section */
		92B7B5351C9EC231001BB572 /* Debug */ = {
			isa = XCBuildConfiguration;
			buildSettings = {
				ALWAYS_SEARCH_USER_PATHS = NO;
				CLANG_CXX_LANGUAGE_STANDARD = "gnu++0x";
				CLANG_CXX_LIBRARY = "libc++";
				CLANG_ENABLE_MODULES = YES;
				CLANG_ENABLE_OBJC_ARC = YES;
				CLANG_WARN_BOOL_CONVERSION = YES;
				CLANG_WARN_CONSTANT_CONVERSION = YES;
				CLANG_WARN_DIRECT_OBJC_ISA_USAGE = YES_ERROR;
				CLANG_WARN_EMPTY_BODY = YES;
				CLANG_WARN_ENUM_CONVERSION = YES;
				CLANG_WARN_INT_CONVERSION = YES;
				CLANG_WARN_OBJC_ROOT_CLASS = YES_ERROR;
				CLANG_WARN_UNREACHABLE_CODE = YES;
				CLANG_WARN__DUPLICATE_METHOD_MATCH = YES;
				"CODE_SIGN_IDENTITY[sdk=iphoneos*]" = "iPhone Developer";
				COPY_PHASE_STRIP = NO;
				DEBUG_INFORMATION_FORMAT = dwarf;
				ENABLE_STRICT_OBJC_MSGSEND = YES;
				ENABLE_TESTABILITY = YES;
				GCC_C_LANGUAGE_STANDARD = gnu99;
				GCC_DYNAMIC_NO_PIC = NO;
				GCC_NO_COMMON_BLOCKS = YES;
				GCC_OPTIMIZATION_LEVEL = 0;
				GCC_PREPROCESSOR_DEFINITIONS = (
					"DEBUG=1",
					"$(inherited)",
				);
				GCC_WARN_64_TO_32_BIT_CONVERSION = YES;
				GCC_WARN_ABOUT_RETURN_TYPE = YES_ERROR;
				GCC_WARN_UNDECLARED_SELECTOR = YES;
				GCC_WARN_UNINITIALIZED_AUTOS = YES_AGGRESSIVE;
				GCC_WARN_UNUSED_FUNCTION = YES;
				GCC_WARN_UNUSED_VARIABLE = YES;
				IPHONEOS_DEPLOYMENT_TARGET = 9.2;
				MTL_ENABLE_DEBUG_INFO = YES;
				ONLY_ACTIVE_ARCH = YES;
				SDKROOT = iphoneos;
				TARGETED_DEVICE_FAMILY = "1,2";
			};
			name = Debug;
		};
		92B7B5361C9EC231001BB572 /* Release */ = {
			isa = XCBuildConfiguration;
			buildSettings = {
				ALWAYS_SEARCH_USER_PATHS = NO;
				CLANG_CXX_LANGUAGE_STANDARD = "gnu++0x";
				CLANG_CXX_LIBRARY = "libc++";
				CLANG_ENABLE_MODULES = YES;
				CLANG_ENABLE_OBJC_ARC = YES;
				CLANG_WARN_BOOL_CONVERSION = YES;
				CLANG_WARN_CONSTANT_CONVERSION = YES;
				CLANG_WARN_DIRECT_OBJC_ISA_USAGE = YES_ERROR;
				CLANG_WARN_EMPTY_BODY = YES;
				CLANG_WARN_ENUM_CONVERSION = YES;
				CLANG_WARN_INT_CONVERSION = YES;
				CLANG_WARN_OBJC_ROOT_CLASS = YES_ERROR;
				CLANG_WARN_UNREACHABLE_CODE = YES;
				CLANG_WARN__DUPLICATE_METHOD_MATCH = YES;
				"CODE_SIGN_IDENTITY[sdk=iphoneos*]" = "iPhone Developer";
				COPY_PHASE_STRIP = NO;
				DEBUG_INFORMATION_FORMAT = "dwarf-with-dsym";
				ENABLE_NS_ASSERTIONS = NO;
				ENABLE_STRICT_OBJC_MSGSEND = YES;
				GCC_C_LANGUAGE_STANDARD = gnu99;
				GCC_NO_COMMON_BLOCKS = YES;
				GCC_WARN_64_TO_32_BIT_CONVERSION = YES;
				GCC_WARN_ABOUT_RETURN_TYPE = YES_ERROR;
				GCC_WARN_UNDECLARED_SELECTOR = YES;
				GCC_WARN_UNINITIALIZED_AUTOS = YES_AGGRESSIVE;
				GCC_WARN_UNUSED_FUNCTION = YES;
				GCC_WARN_UNUSED_VARIABLE = YES;
				IPHONEOS_DEPLOYMENT_TARGET = 9.2;
				MTL_ENABLE_DEBUG_INFO = NO;
				SDKROOT = iphoneos;
				TARGETED_DEVICE_FAMILY = "1,2";
				VALIDATE_PRODUCT = YES;
			};
			name = Release;
		};
		92B7B5381C9EC231001BB572 /* Debug */ = {
			isa = XCBuildConfiguration;
			baseConfigurationReference = 4387789B997E65E0109B624F /* Pods-Randomize Me.debug.xcconfig */;
			buildSettings = {
				ASSETCATALOG_COMPILER_APPICON_NAME = AppIcon;
				CODE_SIGN_IDENTITY = "iPhone Developer";
				FRAMEWORK_SEARCH_PATHS = (
					"$(inherited)",
					"$(PROJECT_DIR)",
					"$(PROJECT_DIR)/Frameworks",
				);
				INFOPLIST_FILE = "Randomize Me/Info.plist";
				IPHONEOS_DEPLOYMENT_TARGET = 8.1;
				LD_RUNPATH_SEARCH_PATHS = "$(inherited) @executable_path/Frameworks";
				PRODUCT_BUNDLE_IDENTIFIER = "com.Maksym-Savisko.Randomize-Me";
				PRODUCT_NAME = "$(TARGET_NAME)";
				TARGETED_DEVICE_FAMILY = 1;
			};
			name = Debug;
		};
		92B7B5391C9EC231001BB572 /* Release */ = {
			isa = XCBuildConfiguration;
			baseConfigurationReference = 9C12F349D8F49B26B506527E /* Pods-Randomize Me.release.xcconfig */;
			buildSettings = {
				ASSETCATALOG_COMPILER_APPICON_NAME = AppIcon;
				CODE_SIGN_IDENTITY = "iPhone Developer";
				FRAMEWORK_SEARCH_PATHS = (
					"$(inherited)",
					"$(PROJECT_DIR)",
					"$(PROJECT_DIR)/Frameworks",
				);
				INFOPLIST_FILE = "Randomize Me/Info.plist";
				IPHONEOS_DEPLOYMENT_TARGET = 8.1;
				LD_RUNPATH_SEARCH_PATHS = "$(inherited) @executable_path/Frameworks";
				PRODUCT_BUNDLE_IDENTIFIER = "com.Maksym-Savisko.Randomize-Me";
				PRODUCT_NAME = "$(TARGET_NAME)";
				TARGETED_DEVICE_FAMILY = 1;
			};
			name = Release;
		};
/* End XCBuildConfiguration section */

/* Begin XCConfigurationList section */
		92B7B51B1C9EC231001BB572 /* Build configuration list for PBXProject "Randomize Me" */ = {
			isa = XCConfigurationList;
			buildConfigurations = (
				92B7B5351C9EC231001BB572 /* Debug */,
				92B7B5361C9EC231001BB572 /* Release */,
			);
			defaultConfigurationIsVisible = 0;
			defaultConfigurationName = Release;
		};
		92B7B5371C9EC231001BB572 /* Build configuration list for PBXNativeTarget "Randomize Me" */ = {
			isa = XCConfigurationList;
			buildConfigurations = (
				92B7B5381C9EC231001BB572 /* Debug */,
				92B7B5391C9EC231001BB572 /* Release */,
			);
			defaultConfigurationIsVisible = 0;
			defaultConfigurationName = Release;
		};
/* End XCConfigurationList section */
	};
	rootObject = 92B7B5181C9EC231001BB572 /* Project object */;
}
